
Microsoft Visual Studio Solution File, Format Version 12.00
# Visual Studio Version 16
VisualStudioVersion = 16.0.29920.165
MinimumVisualStudioVersion = 10.0.40219.1
Project("{FAE04EC0-301F-11D3-BF4B-00C04F79EFBC}") = "HospitalsInfo", "HospitalsInfo\HospitalsInfo.csproj", "{23F066AC-DDEB-4349-9B69-104A739A9B97}"
EndProject
Global
	GlobalSection(SolutionConfigurationPlatforms) = preSolution
		Debug|Any CPU = Debug|Any CPU
		Release|Any CPU = Release|Any CPU
	EndGlobalSection
	GlobalSection(ProjectConfigurationPlatforms) = postSolution
		{23F066AC-DDEB-4349-9B69-104A739A9B97}.Debug|Any CPU.ActiveCfg = Debug|Any CPU
		{23F066AC-DDEB-4349-9B69-104A739A9B97}.Debug|Any CPU.Build.0 = Debug|Any CPU
		{23F066AC-DDEB-4349-9B69-104A739A9B97}.Release|Any CPU.ActiveCfg = Release|Any CPU
		{23F066AC-DDEB-4349-9B69-104A739A9B97}.Release|Any CPU.Build.0 = Release|Any CPU
	EndGlobalSection
	GlobalSection(SolutionProperties) = preSolution
		HideSolutionNode = FALSE
	EndGlobalSection
	GlobalSection(ExtensibilityGlobals) = postSolution
		SolutionGuid = {A664CB5B-6803-4043-B9D2-33670D052AA5}
	EndGlobalSection
EndGlobal
